
Microsoft Visual Studio Solution File, Format Version 12.00
Project("{FAE04EC0-301F-11D3-BF4B-00C04F79EFBC}") = "TrainingPOO.Polimorfismo", "TrainingPOO.Polimorfismo\TrainingPOO.Polimorfismo.csproj", "{75A2852B-8890-4455-9114-006D9BD590BE}"
EndProject
Project("{FAE04EC0-301F-11D3-BF4B-00C04F79EFBC}") = "TrainingPOO.Inheritance", "TrainingPOO.Inheritance\TrainingPOO.Inheritance.csproj", "{58ACF6FE-4389-4833-B8D3-E9995CFD9917}"
EndProject
Global
	GlobalSection(SolutionConfigurationPlatforms) = preSolution
		Debug|Any CPU = Debug|Any CPU
		Release|Any CPU = Release|Any CPU
	EndGlobalSection
	GlobalSection(ProjectConfigurationPlatforms) = postSolution
		{75A2852B-8890-4455-9114-006D9BD590BE}.Debug|Any CPU.ActiveCfg = Debug|Any CPU
		{75A2852B-8890-4455-9114-006D9BD590BE}.Debug|Any CPU.Build.0 = Debug|Any CPU
		{75A2852B-8890-4455-9114-006D9BD590BE}.Release|Any CPU.ActiveCfg = Release|Any CPU
		{75A2852B-8890-4455-9114-006D9BD590BE}.Release|Any CPU.Build.0 = Release|Any CPU
		{58ACF6FE-4389-4833-B8D3-E9995CFD9917}.Debug|Any CPU.ActiveCfg = Debug|Any CPU
		{58ACF6FE-4389-4833-B8D3-E9995CFD9917}.Debug|Any CPU.Build.0 = Debug|Any CPU
		{58ACF6FE-4389-4833-B8D3-E9995CFD9917}.Release|Any CPU.ActiveCfg = Release|Any CPU
		{58ACF6FE-4389-4833-B8D3-E9995CFD9917}.Release|Any CPU.Build.0 = Release|Any CPU
	EndGlobalSection
EndGlobal
